
Microsoft Visual Studio Solution File, Format Version 12.00
# Visual Studio Version 16
VisualStudioVersion = 16.0.30907.101
MinimumVisualStudioVersion = 10.0.40219.1
Project("{8BC9CEB8-8B4A-11D0-8D11-00A0C91BC942}") = "Engine", "Engine\Engine.vcxproj", "{57030AB6-7352-4B3D-AAEA-C2FE838C2FA9}"
EndProject
Global
	GlobalSection(SolutionConfigurationPlatforms) = preSolution
		Debug|x64 = Debug|x64
		Release|x64 = Release|x64
	EndGlobalSection
	GlobalSection(ProjectConfigurationPlatforms) = postSolution
		{57030AB6-7352-4B3D-AAEA-C2FE838C2FA9}.Debug|x64.ActiveCfg = Debug|x64
		{57030AB6-7352-4B3D-AAEA-C2FE838C2FA9}.Debug|x64.Build.0 = Debug|x64
		{57030AB6-7352-4B3D-AAEA-C2FE838C2FA9}.Release|x64.ActiveCfg = Release|x64
		{57030AB6-7352-4B3D-AAEA-C2FE838C2FA9}.Release|x64.Build.0 = Release|x64
	EndGlobalSection
	GlobalSection(SolutionProperties) = preSolution
		HideSolutionNode = FALSE
	EndGlobalSection
	GlobalSection(ExtensibilityGlobals) = postSolution
		SolutionGuid = {9F330BD1-7EC3-4B04-B297-0208642B5CD7}
	EndGlobalSection
EndGlobal
